
Microsoft Visual Studio Solution File, Format Version 12.00
# Visual Studio Version 17
VisualStudioVersion = 17.13.35931.197 d17.13
MinimumVisualStudioVersion = 10.0.40219.1
Project("{FAE04EC0-301F-11D3-BF4B-00C04F79EFBC}") = "CashOnlySupermarketApp", "CashOnlySupermarketApp.csproj", "{4C1EE046-01E3-4878-92F1-D93EA801B7FC}"
EndProject
Global
	GlobalSection(SolutionConfigurationPlatforms) = preSolution
		Debug|Any CPU = Debug|Any CPU
		Release|Any CPU = Release|Any CPU
	EndGlobalSection
	GlobalSection(ProjectConfigurationPlatforms) = postSolution
		{4C1EE046-01E3-4878-92F1-D93EA801B7FC}.Debug|Any CPU.ActiveCfg = Debug|Any CPU
		{4C1EE046-01E3-4878-92F1-D93EA801B7FC}.Debug|Any CPU.Build.0 = Debug|Any CPU
		{4C1EE046-01E3-4878-92F1-D93EA801B7FC}.Release|Any CPU.ActiveCfg = Release|Any CPU
		{4C1EE046-01E3-4878-92F1-D93EA801B7FC}.Release|Any CPU.Build.0 = Release|Any CPU
	EndGlobalSection
	GlobalSection(SolutionProperties) = preSolution
		HideSolutionNode = FALSE
	EndGlobalSection
	GlobalSection(ExtensibilityGlobals) = postSolution
		SolutionGuid = {14869BF0-0686-463D-9234-744AF6336487}
	EndGlobalSection
EndGlobal
